
Microsoft Visual Studio Solution File, Format Version 12.00
# Visual Studio 15
VisualStudioVersion = 15.0.28307.329
MinimumVisualStudioVersion = 10.0.40219.1
Project("{FAE04EC0-301F-11D3-BF4B-00C04F79EFBC}") = "task 1 FarManager", "task 1 FarManager\task 1 FarManager.csproj", "{F6C322C4-F674-4701-9F66-68A7379BAFE3}"
EndProject
Global
	GlobalSection(SolutionConfigurationPlatforms) = preSolution
		Debug|Any CPU = Debug|Any CPU
		Release|Any CPU = Release|Any CPU
	EndGlobalSection
	GlobalSection(ProjectConfigurationPlatforms) = postSolution
		{F6C322C4-F674-4701-9F66-68A7379BAFE3}.Debug|Any CPU.ActiveCfg = Debug|Any CPU
		{F6C322C4-F674-4701-9F66-68A7379BAFE3}.Debug|Any CPU.Build.0 = Debug|Any CPU
		{F6C322C4-F674-4701-9F66-68A7379BAFE3}.Release|Any CPU.ActiveCfg = Release|Any CPU
		{F6C322C4-F674-4701-9F66-68A7379BAFE3}.Release|Any CPU.Build.0 = Release|Any CPU
	EndGlobalSection
	GlobalSection(SolutionProperties) = preSolution
		HideSolutionNode = FALSE
	EndGlobalSection
	GlobalSection(ExtensibilityGlobals) = postSolution
		SolutionGuid = {53BB7704-C1D5-47DA-9230-96E8DABA38C3}
	EndGlobalSection
EndGlobal
